
Microsoft Visual Studio Solution File, Format Version 12.00
# Visual Studio Version 17
VisualStudioVersion = 17.9.34728.123
MinimumVisualStudioVersion = 10.0.40219.1
Project("{9A19103F-16F7-4668-BE54-9A1E7A4F7556}") = "TechCareer.Website", "TechCareerProject\TechCareer.Website.csproj", "{CF3458A3-1219-4F24-8B88-89DCC9F89FC1}"
EndProject
Project("{9A19103F-16F7-4668-BE54-9A1E7A4F7556}") = "TechCareer.MailConsumer", "MailConsumer\TechCareer.MailConsumer.csproj", "{807FCDC2-442C-4237-9C81-698797EAD70B}"
EndProject
Project("{FAE04EC0-301F-11D3-BF4B-00C04F79EFBC}") = "TechCareer.MailCommon", "..\TechCareer.MailCommon\TechCareer.MailCommon.csproj", "{AF022009-19B4-4B7B-85AB-B992B943BB1A}"
EndProject
Global
	GlobalSection(SolutionConfigurationPlatforms) = preSolution
		Debug|Any CPU = Debug|Any CPU
		Release|Any CPU = Release|Any CPU
	EndGlobalSection
	GlobalSection(ProjectConfigurationPlatforms) = postSolution
		{CF3458A3-1219-4F24-8B88-89DCC9F89FC1}.Debug|Any CPU.ActiveCfg = Debug|Any CPU
		{CF3458A3-1219-4F24-8B88-89DCC9F89FC1}.Debug|Any CPU.Build.0 = Debug|Any CPU
		{CF3458A3-1219-4F24-8B88-89DCC9F89FC1}.Release|Any CPU.ActiveCfg = Release|Any CPU
		{CF3458A3-1219-4F24-8B88-89DCC9F89FC1}.Release|Any CPU.Build.0 = Release|Any CPU
		{807FCDC2-442C-4237-9C81-698797EAD70B}.Debug|Any CPU.ActiveCfg = Debug|Any CPU
		{807FCDC2-442C-4237-9C81-698797EAD70B}.Debug|Any CPU.Build.0 = Debug|Any CPU
		{807FCDC2-442C-4237-9C81-698797EAD70B}.Release|Any CPU.ActiveCfg = Release|Any CPU
		{807FCDC2-442C-4237-9C81-698797EAD70B}.Release|Any CPU.Build.0 = Release|Any CPU
		{AF022009-19B4-4B7B-85AB-B992B943BB1A}.Debug|Any CPU.ActiveCfg = Debug|Any CPU
		{AF022009-19B4-4B7B-85AB-B992B943BB1A}.Debug|Any CPU.Build.0 = Debug|Any CPU
		{AF022009-19B4-4B7B-85AB-B992B943BB1A}.Release|Any CPU.ActiveCfg = Release|Any CPU
		{AF022009-19B4-4B7B-85AB-B992B943BB1A}.Release|Any CPU.Build.0 = Release|Any CPU
	EndGlobalSection
	GlobalSection(SolutionProperties) = preSolution
		HideSolutionNode = FALSE
	EndGlobalSection
	GlobalSection(ExtensibilityGlobals) = postSolution
		SolutionGuid = {B60065E5-AE9B-456D-AE98-476634F7FC0E}
	EndGlobalSection
EndGlobal
